
Microsoft Visual Studio Solution File, Format Version 12.00
# Visual Studio Version 16
VisualStudioVersion = 16.0.30621.155
MinimumVisualStudioVersion = 10.0.40219.1
Project("{FAE04EC0-301F-11D3-BF4B-00C04F79EFBC}") = "Crud_Demo_UsingSQLIte.Android", "Crud_Demo_UsingSQLIte\Crud_Demo_UsingSQLIte.Android\Crud_Demo_UsingSQLIte.Android.csproj", "{C4E0F790-62AC-4B6D-AD80-5339E157B09B}"
EndProject
Project("{FAE04EC0-301F-11D3-BF4B-00C04F79EFBC}") = "Crud_Demo_UsingSQLIte.iOS", "Crud_Demo_UsingSQLIte\Crud_Demo_UsingSQLIte.iOS\Crud_Demo_UsingSQLIte.iOS.csproj", "{C0DEC7BA-EEAA-4AA3-A7C0-568E540955C9}"
EndProject
Project("{FAE04EC0-301F-11D3-BF4B-00C04F79EFBC}") = "Crud_Demo_UsingSQLIte", "Crud_Demo_UsingSQLIte\Crud_Demo_UsingSQLIte\Crud_Demo_UsingSQLIte.csproj", "{B57405E9-552B-4E4B-93F3-36B4A65EBD75}"
EndProject
Global
	GlobalSection(SolutionConfigurationPlatforms) = preSolution
		Debug|Any CPU = Debug|Any CPU
		Debug|iPhone = Debug|iPhone
		Debug|iPhoneSimulator = Debug|iPhoneSimulator
		Release|Any CPU = Release|Any CPU
		Release|iPhone = Release|iPhone
		Release|iPhoneSimulator = Release|iPhoneSimulator
	EndGlobalSection
	GlobalSection(ProjectConfigurationPlatforms) = postSolution
		{C4E0F790-62AC-4B6D-AD80-5339E157B09B}.Debug|Any CPU.ActiveCfg = Debug|Any CPU
		{C4E0F790-62AC-4B6D-AD80-5339E157B09B}.Debug|Any CPU.Build.0 = Debug|Any CPU
		{C4E0F790-62AC-4B6D-AD80-5339E157B09B}.Debug|Any CPU.Deploy.0 = Debug|Any CPU
		{C4E0F790-62AC-4B6D-AD80-5339E157B09B}.Debug|iPhone.ActiveCfg = Debug|Any CPU
		{C4E0F790-62AC-4B6D-AD80-5339E157B09B}.Debug|iPhone.Build.0 = Debug|Any CPU
		{C4E0F790-62AC-4B6D-AD80-5339E157B09B}.Debug|iPhone.Deploy.0 = Debug|Any CPU
		{C4E0F790-62AC-4B6D-AD80-5339E157B09B}.Debug|iPhoneSimulator.ActiveCfg = Debug|Any CPU
		{C4E0F790-62AC-4B6D-AD80-5339E157B09B}.Debug|iPhoneSimulator.Build.0 = Debug|Any CPU
		{C4E0F790-62AC-4B6D-AD80-5339E157B09B}.Debug|iPhoneSimulator.Deploy.0 = Debug|Any CPU
		{C4E0F790-62AC-4B6D-AD80-5339E157B09B}.Release|Any CPU.ActiveCfg = Release|Any CPU
		{C4E0F790-62AC-4B6D-AD80-5339E157B09B}.Release|Any CPU.Build.0 = Release|Any CPU
		{C4E0F790-62AC-4B6D-AD80-5339E157B09B}.Release|Any CPU.Deploy.0 = Release|Any CPU
		{C4E0F790-62AC-4B6D-AD80-5339E157B09B}.Release|iPhone.ActiveCfg = Release|Any CPU
		{C4E0F790-62AC-4B6D-AD80-5339E157B09B}.Release|iPhone.Build.0 = Release|Any CPU
		{C4E0F790-62AC-4B6D-AD80-5339E157B09B}.Release|iPhone.Deploy.0 = Release|Any CPU
		{C4E0F790-62AC-4B6D-AD80-5339E157B09B}.Release|iPhoneSimulator.ActiveCfg = Release|Any CPU
		{C4E0F790-62AC-4B6D-AD80-5339E157B09B}.Release|iPhoneSimulator.Build.0 = Release|Any CPU
		{C4E0F790-62AC-4B6D-AD80-5339E157B09B}.Release|iPhoneSimulator.Deploy.0 = Release|Any CPU
		{C0DEC7BA-EEAA-4AA3-A7C0-568E540955C9}.Debug|Any CPU.ActiveCfg = Debug|iPhone
		{C0DEC7BA-EEAA-4AA3-A7C0-568E540955C9}.Debug|Any CPU.Build.0 = Debug|iPhone
		{C0DEC7BA-EEAA-4AA3-A7C0-568E540955C9}.Debug|Any CPU.Deploy.0 = Debug|iPhone
		{C0DEC7BA-EEAA-4AA3-A7C0-568E540955C9}.Debug|iPhone.ActiveCfg = Debug|iPhone
		{C0DEC7BA-EEAA-4AA3-A7C0-568E540955C9}.Debug|iPhone.Build.0 = Debug|iPhone
		{C0DEC7BA-EEAA-4AA3-A7C0-568E540955C9}.Debug|iPhone.Deploy.0 = Debug|iPhone
		{C0DEC7BA-EEAA-4AA3-A7C0-568E540955C9}.Debug|iPhoneSimulator.ActiveCfg = Debug|iPhoneSimulator
		{C0DEC7BA-EEAA-4AA3-A7C0-568E540955C9}.Debug|iPhoneSimulator.Build.0 = Debug|iPhoneSimulator
		{C0DEC7BA-EEAA-4AA3-A7C0-568E540955C9}.Debug|iPhoneSimulator.Deploy.0 = Debug|iPhoneSimulator
		{C0DEC7BA-EEAA-4AA3-A7C0-568E540955C9}.Release|Any CPU.ActiveCfg = Release|iPhoneSimulator
		{C0DEC7BA-EEAA-4AA3-A7C0-568E540955C9}.Release|Any CPU.Build.0 = Release|iPhoneSimulator
		{C0DEC7BA-EEAA-4AA3-A7C0-568E540955C9}.Release|Any CPU.Deploy.0 = Release|iPhoneSimulator
		{C0DEC7BA-EEAA-4AA3-A7C0-568E540955C9}.Release|iPhone.ActiveCfg = Release|iPhone
		{C0DEC7BA-EEAA-4AA3-A7C0-568E540955C9}.Release|iPhone.Build.0 = Release|iPhone
		{C0DEC7BA-EEAA-4AA3-A7C0-568E540955C9}.Release|iPhone.Deploy.0 = Release|iPhone
		{C0DEC7BA-EEAA-4AA3-A7C0-568E540955C9}.Release|iPhoneSimulator.ActiveCfg = Release|iPhoneSimulator
		{C0DEC7BA-EEAA-4AA3-A7C0-568E540955C9}.Release|iPhoneSimulator.Build.0 = Release|iPhoneSimulator
		{C0DEC7BA-EEAA-4AA3-A7C0-568E540955C9}.Release|iPhoneSimulator.Deploy.0 = Release|iPhoneSimulator
		{B57405E9-552B-4E4B-93F3-36B4A65EBD75}.Debug|Any CPU.ActiveCfg = Debug|Any CPU
		{B57405E9-552B-4E4B-93F3-36B4A65EBD75}.Debug|Any CPU.Build.0 = Debug|Any CPU
		{B57405E9-552B-4E4B-93F3-36B4A65EBD75}.Debug|Any CPU.Deploy.0 = Debug|Any CPU
		{B57405E9-552B-4E4B-93F3-36B4A65EBD75}.Debug|iPhone.ActiveCfg = Debug|Any CPU
		{B57405E9-552B-4E4B-93F3-36B4A65EBD75}.Debug|iPhone.Build.0 = Debug|Any CPU
		{B57405E9-552B-4E4B-93F3-36B4A65EBD75}.Debug|iPhone.Deploy.0 = Debug|Any CPU
		{B57405E9-552B-4E4B-93F3-36B4A65EBD75}.Debug|iPhoneSimulator.ActiveCfg = Debug|Any CPU
		{B57405E9-552B-4E4B-93F3-36B4A65EBD75}.Debug|iPhoneSimulator.Build.0 = Debug|Any CPU
		{B57405E9-552B-4E4B-93F3-36B4A65EBD75}.Debug|iPhoneSimulator.Deploy.0 = Debug|Any CPU
		{B57405E9-552B-4E4B-93F3-36B4A65EBD75}.Release|Any CPU.ActiveCfg = Release|Any CPU
		{B57405E9-552B-4E4B-93F3-36B4A65EBD75}.Release|Any CPU.Build.0 = Release|Any CPU
		{B57405E9-552B-4E4B-93F3-36B4A65EBD75}.Release|Any CPU.Deploy.0 = Release|Any CPU
		{B57405E9-552B-4E4B-93F3-36B4A65EBD75}.Release|iPhone.ActiveCfg = Release|Any CPU
		{B57405E9-552B-4E4B-93F3-36B4A65EBD75}.Release|iPhone.Build.0 = Release|Any CPU
		{B57405E9-552B-4E4B-93F3-36B4A65EBD75}.Release|iPhone.Deploy.0 = Release|Any CPU
		{B57405E9-552B-4E4B-93F3-36B4A65EBD75}.Release|iPhoneSimulator.ActiveCfg = Release|Any CPU
		{B57405E9-552B-4E4B-93F3-36B4A65EBD75}.Release|iPhoneSimulator.Build.0 = Release|Any CPU
		{B57405E9-552B-4E4B-93F3-36B4A65EBD75}.Release|iPhoneSimulator.Deploy.0 = Release|Any CPU
	EndGlobalSection
	GlobalSection(SolutionProperties) = preSolution
		HideSolutionNode = FALSE
	EndGlobalSection
	GlobalSection(ExtensibilityGlobals) = postSolution
		SolutionGuid = {15876BCA-4AEE-4211-82EF-C53C4C6E5ADF}
	EndGlobalSection
EndGlobal
